
Microsoft Visual Studio Solution File, Format Version 12.00
# Visual Studio Version 16
VisualStudioVersion = 16.0.30002.166
MinimumVisualStudioVersion = 10.0.40219.1
Project("{9A19103F-16F7-4668-BE54-9A1E7A4F7556}") = "ACL", "ACL\ACL.csproj", "{945F1B1B-A036-457A-B5C4-26A558E26D91}"
EndProject
Project("{FAE04EC0-301F-11D3-BF4B-00C04F79EFBC}") = "ACApp", "ACApp\ACApp.csproj", "{6921ADF3-77B3-45AC-90A2-35749ECE3BB4}"
EndProject
Global
	GlobalSection(SolutionConfigurationPlatforms) = preSolution
		Debug|Any CPU = Debug|Any CPU
		Release|Any CPU = Release|Any CPU
	EndGlobalSection
	GlobalSection(ProjectConfigurationPlatforms) = postSolution
		{945F1B1B-A036-457A-B5C4-26A558E26D91}.Debug|Any CPU.ActiveCfg = Debug|Any CPU
		{945F1B1B-A036-457A-B5C4-26A558E26D91}.Debug|Any CPU.Build.0 = Debug|Any CPU
		{945F1B1B-A036-457A-B5C4-26A558E26D91}.Release|Any CPU.ActiveCfg = Release|Any CPU
		{945F1B1B-A036-457A-B5C4-26A558E26D91}.Release|Any CPU.Build.0 = Release|Any CPU
		{6921ADF3-77B3-45AC-90A2-35749ECE3BB4}.Debug|Any CPU.ActiveCfg = Debug|Any CPU
		{6921ADF3-77B3-45AC-90A2-35749ECE3BB4}.Debug|Any CPU.Build.0 = Debug|Any CPU
		{6921ADF3-77B3-45AC-90A2-35749ECE3BB4}.Debug|Any CPU.Deploy.0 = Debug|Any CPU
		{6921ADF3-77B3-45AC-90A2-35749ECE3BB4}.Release|Any CPU.ActiveCfg = Release|Any CPU
		{6921ADF3-77B3-45AC-90A2-35749ECE3BB4}.Release|Any CPU.Build.0 = Release|Any CPU
		{6921ADF3-77B3-45AC-90A2-35749ECE3BB4}.Release|Any CPU.Deploy.0 = Release|Any CPU
	EndGlobalSection
	GlobalSection(SolutionProperties) = preSolution
		HideSolutionNode = FALSE
	EndGlobalSection
	GlobalSection(ExtensibilityGlobals) = postSolution
		SolutionGuid = {1F11ADB3-3D72-46B5-A6C9-623368A7E3EE}
	EndGlobalSection
EndGlobal
